Microsoft Visual Studio Solution File, Format Version 9.00
# Visual Studio 2005
Project("{FAE04EC0-301F-11D3-BF4B-00C04F79EFBC}") = "WindowsApplication1", "WindowsApplication1\WindowsApplication1.csproj", "{BD43FB2C-F1C1-42B5-BD80-E9AA1FA7F8BB}"
EndProject
Global
	GlobalSection(SolutionConfigurationPlatforms) = preSolution
		Debug|Any CPU = Debug|Any CPU
		Release|Any CPU = Release|Any CPU
	EndGlobalSection
	GlobalSection(ProjectConfigurationPlatforms) = postSolution
		{BD43FB2C-F1C1-42B5-BD80-E9AA1FA7F8BB}.Debug|Any CPU.ActiveCfg = Debug|Any CPU
		{BD43FB2C-F1C1-42B5-BD80-E9AA1FA7F8BB}.Debug|Any CPU.Build.0 = Debug|Any CPU
		{BD43FB2C-F1C1-42B5-BD80-E9AA1FA7F8BB}.Release|Any CPU.ActiveCfg = Release|Any CPU
		{BD43FB2C-F1C1-42B5-BD80-E9AA1FA7F8BB}.Release|Any CPU.Build.0 = Release|Any CPU
	EndGlobalSection
	GlobalSection(SolutionProperties) = preSolution
		HideSolutionNode = FALSE
	EndGlobalSection
EndGlobal
